<?xml version="1.0" encoding="utf-8"?>
<Project ToolsVersion="4.0" xmlns="http://schemas.microsoft.com/developer/msbuild/2003">
  <ItemGroup>
    <Filter Include="Source Files">
      <UniqueIdentifier>{4FC737F1-C7A5-4376-A066-2A32D752A2FF}</UniqueIdentifier>
      <Extensions>cpp;c;cc;cxx;c++;cppm;ixx;def;odl;idl;hpj;bat;asm;asmx</Extensions>
    </Filter>
    <Filter Include="Header Files">
      <UniqueIdentifier>{93995380-89BD-4b04-88EB-625FBE52EBFB}</UniqueIdentifier>
      <Extensions>h;hh;hpp;hxx;h++;hm;inl;inc;ipp;xsd</Extensions>
    </Filter>
    <Filter Include="Resource Files">
      <UniqueIdentifier>{67DA6AB6-F800-4c08-8B7A-83BB121AAD01}</UniqueIdentifier>
      <Extensions>rc;ico;cur;bmp;dlg;rc2;rct;bin;rgs;gif;jpg;jpeg;jpe;resx;tiff;tif;png;wav;mfcribbon-ms</Extensions>
    </Filter>
  </ItemGroup>
  <ItemGroup>
    <ClInclude Include="Towers2020.h">
      <Filter>Header Files</Filter>
    </ClInclude>
    <ClInclude Include="framework.h">
      <Filter>Header Files</Filter>
    </ClInclude>
    <ClInclude Include="targetver.h">
      <Filter>Header Files</Filter>
    </ClInclude>
    <ClInclude Include="MainFrm.h">
      <Filter>Header Files</Filter>
    </ClInclude>
    <ClInclude Include="ChildView.h">
      <Filter>Header Files</Filter>
    </ClInclude>
    <ClInclude Include="Resource.h">
      <Filter>Header Files</Filter>
    </ClInclude>
    <ClInclude Include="pch.h">
      <Filter>Header Files</Filter>
    </ClInclude>
    <ClInclude Include="XmlNode.h">
      <Filter>Header Files</Filter>
    </ClInclude>
    <ClInclude Include="TowersGame.h">
      <Filter>Header Files</Filter>
    </ClInclude>
    <ClInclude Include="Item.h">
      <Filter>Header Files</Filter>
    </ClInclude>
    <ClInclude Include="TileTrees.h">
      <Filter>Header Files</Filter>
    </ClInclude>
    <ClInclude Include="TileHouse.h">
      <Filter>Header Files</Filter>
    </ClInclude>
    <ClInclude Include="TileCastle.h">
      <Filter>Header Files</Filter>
    </ClInclude>
    <ClInclude Include="TowerBomb.h">
      <Filter>Header Files</Filter>
    </ClInclude>
    <ClInclude Include="Tower8.h">
      <Filter>Header Files</Filter>
    </ClInclude>
    <ClInclude Include="TowerRings.h">
      <Filter>Header Files</Filter>
    </ClInclude>
    <ClInclude Include="TileRoad.h">
      <Filter>Header Files</Filter>
    </ClInclude>
    <ClInclude Include="Tile.h">
      <Filter>Header Files</Filter>
    </ClInclude>
    <ClInclude Include="ItemVisitor.h">
      <Filter>Header Files</Filter>
    </ClInclude>
    <ClInclude Include="Tower.h">
      <Filter>Header Files</Filter>
    </ClInclude>
    <ClInclude Include="Entity.h">
      <Filter>Header Files</Filter>
    </ClInclude>
    <ClInclude Include="Dart.h">
      <Filter>Header Files</Filter>
    </ClInclude>
    <ClInclude Include="Balloon.h">
      <Filter>Header Files</Filter>
    </ClInclude>
    <ClInclude Include="TileOpen.h">
      <Filter>Header Files</Filter>
    </ClInclude>
    <ClInclude Include="DoubleBufferDC.h">
      <Filter>Header Files</Filter>
    </ClInclude>
    <ClInclude Include="GoButton.h">
      <Filter>Header Files</Filter>
    </ClInclude>
    <ClInclude Include="CanMoveVisitor.h">
      <Filter>Header Files</Filter>
    </ClInclude>
    <ClInclude Include="DiagVisitor.h">
      <Filter>Header Files</Filter>
    </ClInclude>
    <ClInclude Include="DiagTimer.h">
      <Filter>Header Files</Filter>
    </ClInclude>
    <ClInclude Include="BombCounter.h">
      <Filter>Header Files</Filter>
    </ClInclude>
    <ClInclude Include="Dialogue.h">
      <Filter>Header Files</Filter>
    </ClInclude>
    <ClInclude Include="ConfigureRoad.h">
      <Filter>Header Files</Filter>
    </ClInclude>
    <ClInclude Include="TowerAirship.h">
      <Filter>Header Files</Filter>
    </ClInclude>
    <ClInclude Include="Airship.h">
      <Filter>Header Files</Filter>
    </ClInclude>
    <ClInclude Include="FindBalloon.h">
      <Filter>Header Files</Filter>
    </ClInclude>
    <ClInclude Include="RoadCollector.h">
      <Filter>Header Files</Filter>
    </ClInclude>
  </ItemGroup>
  <ItemGroup>
    <ClCompile Include="Towers2020.cpp">
      <Filter>Source Files</Filter>
    </ClCompile>
    <ClCompile Include="MainFrm.cpp">
      <Filter>Source Files</Filter>
    </ClCompile>
    <ClCompile Include="ChildView.cpp">
      <Filter>Source Files</Filter>
    </ClCompile>
    <ClCompile Include="pch.cpp">
      <Filter>Source Files</Filter>
    </ClCompile>
    <ClCompile Include="XmlNode.cpp">
      <Filter>Source Files</Filter>
    </ClCompile>
    <ClCompile Include="TowersGame.cpp">
      <Filter>Source Files</Filter>
    </ClCompile>
    <ClCompile Include="Item.cpp">
      <Filter>Source Files</Filter>
    </ClCompile>
    <ClCompile Include="TileTrees.cpp">
      <Filter>Source Files</Filter>
    </ClCompile>
    <ClCompile Include="TileHouse.cpp">
      <Filter>Source Files</Filter>
    </ClCompile>
    <ClCompile Include="TileCastle.cpp">
      <Filter>Source Files</Filter>
    </ClCompile>
    <ClCompile Include="TowerBomb.cpp">
      <Filter>Source Files</Filter>
    </ClCompile>
    <ClCompile Include="Tower8.cpp">
      <Filter>Source Files</Filter>
    </ClCompile>
    <ClCompile Include="TowerRings.cpp">
      <Filter>Source Files</Filter>
    </ClCompile>
    <ClCompile Include="TileRoad.cpp">
      <Filter>Source Files</Filter>
    </ClCompile>
    <ClCompile Include="Tile.cpp">
      <Filter>Source Files</Filter>
    </ClCompile>
    <ClCompile Include="ItemVisitor.cpp">
      <Filter>Source Files</Filter>
    </ClCompile>
    <ClCompile Include="Tower.cpp">
      <Filter>Source Files</Filter>
    </ClCompile>
    <ClCompile Include="Entity.cpp">
      <Filter>Source Files</Filter>
    </ClCompile>
    <ClCompile Include="Dart.cpp">
      <Filter>Source Files</Filter>
    </ClCompile>
    <ClCompile Include="Balloon.cpp">
      <Filter>Source Files</Filter>
    </ClCompile>
    <ClCompile Include="TileOpen.cpp">
      <Filter>Source Files</Filter>
    </ClCompile>
    <ClCompile Include="GoButton.cpp">
      <Filter>Source Files</Filter>
    </ClCompile>
    <ClCompile Include="CanMoveVisitor.cpp">
      <Filter>Source Files</Filter>
    </ClCompile>
    <ClCompile Include="DiagVisitor.cpp">
      <Filter>Source Files</Filter>
    </ClCompile>
    <ClCompile Include="DiagTimer.cpp">
      <Filter>Source Files</Filter>
    </ClCompile>
    <ClCompile Include="Dialogue.cpp">
      <Filter>Source Files</Filter>
    </ClCompile>
    <ClCompile Include="BombCounter.cpp">
      <Filter>Source Files</Filter>
    </ClCompile>
    <ClCompile Include="TowerAirship.cpp">
      <Filter>Source Files</Filter>
    </ClCompile>
    <ClCompile Include="Airship.cpp">
      <Filter>Source Files</Filter>
    </ClCompile>
    <ClCompile Include="ConfigureRoad.cpp">
      <Filter>Source Files</Filter>
    </ClCompile>
    <ClCompile Include="FindBalloon.cpp">
      <Filter>Source Files</Filter>
    </ClCompile>
    <ClCompile Include="RoadCollector.cpp">
      <Filter>Source Files</Filter>
    </ClCompile>
  </ItemGroup>
  <ItemGroup>
    <ResourceCompile Include="Towers2020.rc">
      <Filter>Resource Files</Filter>
    </ResourceCompile>
  </ItemGroup>
  <ItemGroup>
    <None Include="res\Towers2020.rc2">
      <Filter>Resource Files</Filter>
    </None>
  </ItemGroup>
  <ItemGroup>
    <Image Include="res\Towers2020.ico">
      <Filter>Resource Files</Filter>
    </Image>
    <Image Include="res\Toolbar.bmp">
      <Filter>Resource Files</Filter>
    </Image>
  </ItemGroup>
  <ItemGroup>
    <Xml Include="..\levels\level3.xml">
      <Filter>Resource Files</Filter>
    </Xml>
  </ItemGroup>
</Project>